
Microsoft Visual Studio Solution File, Format Version 12.00
# Visual Studio Version 17
VisualStudioVersion = 17.12.35506.116
MinimumVisualStudioVersion = 10.0.40219.1
Project("{FAE04EC0-301F-11D3-BF4B-00C04F79EFBC}") = "iPlanner", "iPlanner\iPlanner.csproj", "{B7E76174-2600-438D-93E1-E91DB8F58B3C}"
EndProject
Project("{FAE04EC0-301F-11D3-BF4B-00C04F79EFBC}") = "LocationsTools", "C:\Users\usuario\source\repos\LocationsTools\LocationsTools.csproj", "{EC6570B1-1AA8-4192-A7E2-C5FF4C7AFA05}"
EndProject
Global
	GlobalSection(SolutionConfigurationPlatforms) = preSolution
		Debug|Any CPU = Debug|Any CPU
		Release|Any CPU = Release|Any CPU
	EndGlobalSection
	GlobalSection(ProjectConfigurationPlatforms) = postSolution
		{B7E76174-2600-438D-93E1-E91DB8F58B3C}.Debug|Any CPU.ActiveCfg = Debug|Any CPU
		{B7E76174-2600-438D-93E1-E91DB8F58B3C}.Debug|Any CPU.Build.0 = Debug|Any CPU
		{B7E76174-2600-438D-93E1-E91DB8F58B3C}.Release|Any CPU.ActiveCfg = Release|Any CPU
		{B7E76174-2600-438D-93E1-E91DB8F58B3C}.Release|Any CPU.Build.0 = Release|Any CPU
		{EC6570B1-1AA8-4192-A7E2-C5FF4C7AFA05}.Debug|Any CPU.ActiveCfg = Debug|Any CPU
		{EC6570B1-1AA8-4192-A7E2-C5FF4C7AFA05}.Debug|Any CPU.Build.0 = Debug|Any CPU
		{EC6570B1-1AA8-4192-A7E2-C5FF4C7AFA05}.Release|Any CPU.ActiveCfg = Release|Any CPU
		{EC6570B1-1AA8-4192-A7E2-C5FF4C7AFA05}.Release|Any CPU.Build.0 = Release|Any CPU
	EndGlobalSection
	GlobalSection(SolutionProperties) = preSolution
		HideSolutionNode = FALSE
	EndGlobalSection
EndGlobal
